
Microsoft Visual Studio Solution File, Format Version 12.00
# Visual Studio Version 17
VisualStudioVersion = 17.14.36603.0 d17.14
MinimumVisualStudioVersion = 10.0.40219.1
Project("{FAE04EC0-301F-11D3-BF4B-00C04F79EFBC}") = "Planner_API", "Planner_API.csproj", "{F31CDD2E-2487-4C75-BB28-595F8265DCF9}"
EndProject
Global
	GlobalSection(SolutionConfigurationPlatforms) = preSolution
		Debug|Any CPU = Debug|Any CPU
		Release|Any CPU = Release|Any CPU
	EndGlobalSection
	GlobalSection(ProjectConfigurationPlatforms) = postSolution
		{F31CDD2E-2487-4C75-BB28-595F8265DCF9}.Debug|Any CPU.ActiveCfg = Debug|Any CPU
		{F31CDD2E-2487-4C75-BB28-595F8265DCF9}.Debug|Any CPU.Build.0 = Debug|Any CPU
		{F31CDD2E-2487-4C75-BB28-595F8265DCF9}.Release|Any CPU.ActiveCfg = Release|Any CPU
		{F31CDD2E-2487-4C75-BB28-595F8265DCF9}.Release|Any CPU.Build.0 = Release|Any CPU
	EndGlobalSection
	GlobalSection(SolutionProperties) = preSolution
		HideSolutionNode = FALSE
	EndGlobalSection
	GlobalSection(ExtensibilityGlobals) = postSolution
		SolutionGuid = {530734C4-FFBC-4B5E-9090-83AD79F29EBE}
	EndGlobalSection
EndGlobal
